
Microsoft Visual Studio Solution File, Format Version 12.00
# Visual Studio Version 17
VisualStudioVersion = 17.9.34728.123
MinimumVisualStudioVersion = 10.0.40219.1
Project("{9A19103F-16F7-4668-BE54-9A1E7A4F7556}") = "kursovaya", "kursovaya\kursovaya.csproj", "{BEDDE5FB-E208-482D-83E1-1C59E067461B}"
EndProject
Global
	GlobalSection(SolutionConfigurationPlatforms) = preSolution
		Debug|Any CPU = Debug|Any CPU
		Release|Any CPU = Release|Any CPU
	EndGlobalSection
	GlobalSection(ProjectConfigurationPlatforms) = postSolution
		{BEDDE5FB-E208-482D-83E1-1C59E067461B}.Debug|Any CPU.ActiveCfg = Debug|Any CPU
		{BEDDE5FB-E208-482D-83E1-1C59E067461B}.Debug|Any CPU.Build.0 = Debug|Any CPU
		{BEDDE5FB-E208-482D-83E1-1C59E067461B}.Release|Any CPU.ActiveCfg = Release|Any CPU
		{BEDDE5FB-E208-482D-83E1-1C59E067461B}.Release|Any CPU.Build.0 = Release|Any CPU
	EndGlobalSection
	GlobalSection(SolutionProperties) = preSolution
		HideSolutionNode = FALSE
	EndGlobalSection
	GlobalSection(ExtensibilityGlobals) = postSolution
		SolutionGuid = {0F419909-4EE8-4450-81AE-AD174318E4B9}
	EndGlobalSection
EndGlobal
